
Microsoft Visual Studio Solution File, Format Version 12.00
# Visual Studio 15
VisualStudioVersion = 15.0.28010.2003
MinimumVisualStudioVersion = 10.0.40219.1
Project("{FAE04EC0-301F-11D3-BF4B-00C04F79EFBC}") = "Escuela", "Escuela\Escuela.csproj", "{C0D1CCC2-BDD9-4675-B097-C22D4003F89E}"
EndProject
Global
	GlobalSection(SolutionConfigurationPlatforms) = preSolution
		Debug|Any CPU = Debug|Any CPU
		Release|Any CPU = Release|Any CPU
	EndGlobalSection
	GlobalSection(ProjectConfigurationPlatforms) = postSolution
		{C0D1CCC2-BDD9-4675-B097-C22D4003F89E}.Debug|Any CPU.ActiveCfg = Debug|Any CPU
		{C0D1CCC2-BDD9-4675-B097-C22D4003F89E}.Debug|Any CPU.Build.0 = Debug|Any CPU
		{C0D1CCC2-BDD9-4675-B097-C22D4003F89E}.Release|Any CPU.ActiveCfg = Release|Any CPU
		{C0D1CCC2-BDD9-4675-B097-C22D4003F89E}.Release|Any CPU.Build.0 = Release|Any CPU
	EndGlobalSection
	GlobalSection(SolutionProperties) = preSolution
		HideSolutionNode = FALSE
	EndGlobalSection
	GlobalSection(ExtensibilityGlobals) = postSolution
		SolutionGuid = {205EED8B-137C-4C4D-A47E-1C10C0F57260}
	EndGlobalSection
EndGlobal
